
Microsoft Visual Studio Solution File, Format Version 12.00
# Visual Studio Version 16
VisualStudioVersion = 16.0.28803.202
MinimumVisualStudioVersion = 10.0.40219.1
Project("{D954291E-2A0B-460D-934E-DC6B0785DB48}") = "UnoStandardRefTest2.Shared", "UnoStandardRefTest2\UnoStandardRefTest2.Shared\UnoStandardRefTest2.Shared.shproj", "{6279C845-92F8-4333-AB99-3D213163593C}"
EndProject
Project("{FAE04EC0-301F-11D3-BF4B-00C04F79EFBC}") = "UnoStandardRefTest2.UWP", "UnoStandardRefTest2\UnoStandardRefTest2.UWP\UnoStandardRefTest2.UWP.csproj", "{230C916E-18D8-40E1-A52A-6B785B321F9B}"
EndProject
Project("{9A19103F-16F7-4668-BE54-9A1E7A4F7556}") = "UnoStandardRefTest2.Wasm", "UnoStandardRefTest2\UnoStandardRefTest2.Wasm\UnoStandardRefTest2.Wasm.csproj", "{722DD4B9-DBE6-465E-AEB9-FD7FAEC58742}"
EndProject
Global
	GlobalSection(SharedMSBuildProjectFiles) = preSolution
		UnoStandardRefTest2\UnoStandardRefTest2.Shared\UnoStandardRefTest2.Shared.projitems*{230c916e-18d8-40e1-a52a-6b785b321f9b}*SharedItemsImports = 4
		UnoStandardRefTest2\UnoStandardRefTest2.Shared\UnoStandardRefTest2.Shared.projitems*{6279c845-92f8-4333-ab99-3d213163593c}*SharedItemsImports = 13
	EndGlobalSection
	GlobalSection(SolutionConfigurationPlatforms) = preSolution
		Ad-Hoc|Any CPU = Ad-Hoc|Any CPU
		Ad-Hoc|ARM = Ad-Hoc|ARM
		Ad-Hoc|iPhone = Ad-Hoc|iPhone
		Ad-Hoc|iPhoneSimulator = Ad-Hoc|iPhoneSimulator
		Ad-Hoc|x64 = Ad-Hoc|x64
		Ad-Hoc|x86 = Ad-Hoc|x86
		AppStore|Any CPU = AppStore|Any CPU
		AppStore|ARM = AppStore|ARM
		AppStore|iPhone = AppStore|iPhone
		AppStore|iPhoneSimulator = AppStore|iPhoneSimulator
		AppStore|x64 = AppStore|x64
		AppStore|x86 = AppStore|x86
		Debug|Any CPU = Debug|Any CPU
		Debug|ARM = Debug|ARM
		Debug|iPhone = Debug|iPhone
		Debug|iPhoneSimulator = Debug|iPhoneSimulator
		Debug|x64 = Debug|x64
		Debug|x86 = Debug|x86
		Release|Any CPU = Release|Any CPU
		Release|ARM = Release|ARM
		Release|iPhone = Release|iPhone
		Release|iPhoneSimulator = Release|iPhoneSimulator
		Release|x64 = Release|x64
		Release|x86 = Release|x86
	EndGlobalSection
	GlobalSection(ProjectConfigurationPlatforms) = postSolution
		{230C916E-18D8-40E1-A52A-6B785B321F9B}.Ad-Hoc|Any CPU.ActiveCfg = Release|x64
		{230C916E-18D8-40E1-A52A-6B785B321F9B}.Ad-Hoc|Any CPU.Build.0 = Release|x64
		{230C916E-18D8-40E1-A52A-6B785B321F9B}.Ad-Hoc|Any CPU.Deploy.0 = Release|x64
		{230C916E-18D8-40E1-A52A-6B785B321F9B}.Ad-Hoc|ARM.ActiveCfg = Release|ARM
		{230C916E-18D8-40E1-A52A-6B785B321F9B}.Ad-Hoc|ARM.Build.0 = Release|ARM
		{230C916E-18D8-40E1-A52A-6B785B321F9B}.Ad-Hoc|ARM.Deploy.0 = Release|ARM
		{230C916E-18D8-40E1-A52A-6B785B321F9B}.Ad-Hoc|iPhone.ActiveCfg = Release|x64
		{230C916E-18D8-40E1-A52A-6B785B321F9B}.Ad-Hoc|iPhone.Build.0 = Release|x64
		{230C916E-18D8-40E1-A52A-6B785B321F9B}.Ad-Hoc|iPhone.Deploy.0 = Release|x64
		{230C916E-18D8-40E1-A52A-6B785B321F9B}.Ad-Hoc|iPhoneSimulator.ActiveCfg = Release|x64
		{230C916E-18D8-40E1-A52A-6B785B321F9B}.Ad-Hoc|iPhoneSimulator.Build.0 = Release|x64
		{230C916E-18D8-40E1-A52A-6B785B321F9B}.Ad-Hoc|iPhoneSimulator.Deploy.0 = Release|x64
		{230C916E-18D8-40E1-A52A-6B785B321F9B}.Ad-Hoc|x64.ActiveCfg = Release|x64
		{230C916E-18D8-40E1-A52A-6B785B321F9B}.Ad-Hoc|x64.Build.0 = Release|x64
		{230C916E-18D8-40E1-A52A-6B785B321F9B}.Ad-Hoc|x64.Deploy.0 = Release|x64
		{230C916E-18D8-40E1-A52A-6B785B321F9B}.Ad-Hoc|x86.ActiveCfg = Release|x86
		{230C916E-18D8-40E1-A52A-6B785B321F9B}.Ad-Hoc|x86.Build.0 = Release|x86
		{230C916E-18D8-40E1-A52A-6B785B321F9B}.Ad-Hoc|x86.Deploy.0 = Release|x86
		{230C916E-18D8-40E1-A52A-6B785B321F9B}.AppStore|Any CPU.ActiveCfg = Release|x64
		{230C916E-18D8-40E1-A52A-6B785B321F9B}.AppStore|Any CPU.Build.0 = Release|x64
		{230C916E-18D8-40E1-A52A-6B785B321F9B}.AppStore|Any CPU.Deploy.0 = Release|x64
		{230C916E-18D8-40E1-A52A-6B785B321F9B}.AppStore|ARM.ActiveCfg = Release|ARM
		{230C916E-18D8-40E1-A52A-6B785B321F9B}.AppStore|ARM.Build.0 = Release|ARM
		{230C916E-18D8-40E1-A52A-6B785B321F9B}.AppStore|ARM.Deploy.0 = Release|ARM
		{230C916E-18D8-40E1-A52A-6B785B321F9B}.AppStore|iPhone.ActiveCfg = Release|x64
		{230C916E-18D8-40E1-A52A-6B785B321F9B}.AppStore|iPhone.Build.0 = Release|x64
		{230C916E-18D8-40E1-A52A-6B785B321F9B}.AppStore|iPhone.Deploy.0 = Release|x64
		{230C916E-18D8-40E1-A52A-6B785B321F9B}.AppStore|iPhoneSimulator.ActiveCfg = Release|x64
		{230C916E-18D8-40E1-A52A-6B785B321F9B}.AppStore|iPhoneSimulator.Build.0 = Release|x64
		{230C916E-18D8-40E1-A52A-6B785B321F9B}.AppStore|iPhoneSimulator.Deploy.0 = Release|x64
		{230C916E-18D8-40E1-A52A-6B785B321F9B}.AppStore|x64.ActiveCfg = Release|x64
		{230C916E-18D8-40E1-A52A-6B785B321F9B}.AppStore|x64.Build.0 = Release|x64
		{230C916E-18D8-40E1-A52A-6B785B321F9B}.AppStore|x64.Deploy.0 = Release|x64
		{230C916E-18D8-40E1-A52A-6B785B321F9B}.AppStore|x86.ActiveCfg = Release|x86
		{230C916E-18D8-40E1-A52A-6B785B321F9B}.AppStore|x86.Build.0 = Release|x86
		{230C916E-18D8-40E1-A52A-6B785B321F9B}.AppStore|x86.Deploy.0 = Release|x86
		{230C916E-18D8-40E1-A52A-6B785B321F9B}.Debug|Any CPU.ActiveCfg = Debug|x86
		{230C916E-18D8-40E1-A52A-6B785B321F9B}.Debug|Any CPU.Build.0 = Debug|x86
		{230C916E-18D8-40E1-A52A-6B785B321F9B}.Debug|Any CPU.Deploy.0 = Debug|x86
		{230C916E-18D8-40E1-A52A-6B785B321F9B}.Debug|ARM.ActiveCfg = Debug|ARM
		{230C916E-18D8-40E1-A52A-6B785B321F9B}.Debug|ARM.Build.0 = Debug|ARM
		{230C916E-18D8-40E1-A52A-6B785B321F9B}.Debug|ARM.Deploy.0 = Debug|ARM
		{230C916E-18D8-40E1-A52A-6B785B321F9B}.Debug|iPhone.ActiveCfg = Debug|x86
		{230C916E-18D8-40E1-A52A-6B785B321F9B}.Debug|iPhoneSimulator.ActiveCfg = Debug|x86
		{230C916E-18D8-40E1-A52A-6B785B321F9B}.Debug|x64.ActiveCfg = Debug|x64
		{230C916E-18D8-40E1-A52A-6B785B321F9B}.Debug|x64.Build.0 = Debug|x64
		{230C916E-18D8-40E1-A52A-6B785B321F9B}.Debug|x64.Deploy.0 = Debug|x64
		{230C916E-18D8-40E1-A52A-6B785B321F9B}.Debug|x86.ActiveCfg = Debug|x86
		{230C916E-18D8-40E1-A52A-6B785B321F9B}.Debug|x86.Build.0 = Debug|x86
		{230C916E-18D8-40E1-A52A-6B785B321F9B}.Debug|x86.Deploy.0 = Debug|x86
		{230C916E-18D8-40E1-A52A-6B785B321F9B}.Release|Any CPU.ActiveCfg = Release|x86
		{230C916E-18D8-40E1-A52A-6B785B321F9B}.Release|ARM.ActiveCfg = Release|ARM
		{230C916E-18D8-40E1-A52A-6B785B321F9B}.Release|ARM.Build.0 = Release|ARM
		{230C916E-18D8-40E1-A52A-6B785B321F9B}.Release|ARM.Deploy.0 = Release|ARM
		{230C916E-18D8-40E1-A52A-6B785B321F9B}.Release|iPhone.ActiveCfg = Release|x86
		{230C916E-18D8-40E1-A52A-6B785B321F9B}.Release|iPhoneSimulator.ActiveCfg = Release|x86
		{230C916E-18D8-40E1-A52A-6B785B321F9B}.Release|x64.ActiveCfg = Release|x64
		{230C916E-18D8-40E1-A52A-6B785B321F9B}.Release|x64.Build.0 = Release|x64
		{230C916E-18D8-40E1-A52A-6B785B321F9B}.Release|x64.Deploy.0 = Release|x64
		{230C916E-18D8-40E1-A52A-6B785B321F9B}.Release|x86.ActiveCfg = Release|x86
		{230C916E-18D8-40E1-A52A-6B785B321F9B}.Release|x86.Build.0 = Release|x86
		{230C916E-18D8-40E1-A52A-6B785B321F9B}.Release|x86.Deploy.0 = Release|x86
		{722DD4B9-DBE6-465E-AEB9-FD7FAEC58742}.Ad-Hoc|Any CPU.ActiveCfg = Debug|Any CPU
		{722DD4B9-DBE6-465E-AEB9-FD7FAEC58742}.Ad-Hoc|Any CPU.Build.0 = Debug|Any CPU
		{722DD4B9-DBE6-465E-AEB9-FD7FAEC58742}.Ad-Hoc|ARM.ActiveCfg = Debug|Any CPU
		{722DD4B9-DBE6-465E-AEB9-FD7FAEC58742}.Ad-Hoc|ARM.Build.0 = Debug|Any CPU
		{722DD4B9-DBE6-465E-AEB9-FD7FAEC58742}.Ad-Hoc|iPhone.ActiveCfg = Debug|Any CPU
		{722DD4B9-DBE6-465E-AEB9-FD7FAEC58742}.Ad-Hoc|iPhone.Build.0 = Debug|Any CPU
		{722DD4B9-DBE6-465E-AEB9-FD7FAEC58742}.Ad-Hoc|iPhoneSimulator.ActiveCfg = Debug|Any CPU
		{722DD4B9-DBE6-465E-AEB9-FD7FAEC58742}.Ad-Hoc|iPhoneSimulator.Build.0 = Debug|Any CPU
		{722DD4B9-DBE6-465E-AEB9-FD7FAEC58742}.Ad-Hoc|x64.ActiveCfg = Debug|Any CPU
		{722DD4B9-DBE6-465E-AEB9-FD7FAEC58742}.Ad-Hoc|x64.Build.0 = Debug|Any CPU
		{722DD4B9-DBE6-465E-AEB9-FD7FAEC58742}.Ad-Hoc|x86.ActiveCfg = Debug|Any CPU
		{722DD4B9-DBE6-465E-AEB9-FD7FAEC58742}.Ad-Hoc|x86.Build.0 = Debug|Any CPU
		{722DD4B9-DBE6-465E-AEB9-FD7FAEC58742}.AppStore|Any CPU.ActiveCfg = Debug|Any CPU
		{722DD4B9-DBE6-465E-AEB9-FD7FAEC58742}.AppStore|Any CPU.Build.0 = Debug|Any CPU
		{722DD4B9-DBE6-465E-AEB9-FD7FAEC58742}.AppStore|ARM.ActiveCfg = Debug|Any CPU
		{722DD4B9-DBE6-465E-AEB9-FD7FAEC58742}.AppStore|ARM.Build.0 = Debug|Any CPU
		{722DD4B9-DBE6-465E-AEB9-FD7FAEC58742}.AppStore|iPhone.ActiveCfg = Debug|Any CPU
		{722DD4B9-DBE6-465E-AEB9-FD7FAEC58742}.AppStore|iPhone.Build.0 = Debug|Any CPU
		{722DD4B9-DBE6-465E-AEB9-FD7FAEC58742}.AppStore|iPhoneSimulator.ActiveCfg = Debug|Any CPU
		{722DD4B9-DBE6-465E-AEB9-FD7FAEC58742}.AppStore|iPhoneSimulator.Build.0 = Debug|Any CPU
		{722DD4B9-DBE6-465E-AEB9-FD7FAEC58742}.AppStore|x64.ActiveCfg = Debug|Any CPU
		{722DD4B9-DBE6-465E-AEB9-FD7FAEC58742}.AppStore|x64.Build.0 = Debug|Any CPU
		{722DD4B9-DBE6-465E-AEB9-FD7FAEC58742}.AppStore|x86.ActiveCfg = Debug|Any CPU
		{722DD4B9-DBE6-465E-AEB9-FD7FAEC58742}.AppStore|x86.Build.0 = Debug|Any CPU
		{722DD4B9-DBE6-465E-AEB9-FD7FAEC58742}.Debug|Any CPU.ActiveCfg = Debug|Any CPU
		{722DD4B9-DBE6-465E-AEB9-FD7FAEC58742}.Debug|Any CPU.Build.0 = Debug|Any CPU
		{722DD4B9-DBE6-465E-AEB9-FD7FAEC58742}.Debug|ARM.ActiveCfg = Debug|Any CPU
		{722DD4B9-DBE6-465E-AEB9-FD7FAEC58742}.Debug|ARM.Build.0 = Debug|Any CPU
		{722DD4B9-DBE6-465E-AEB9-FD7FAEC58742}.Debug|iPhone.ActiveCfg = Debug|Any CPU
		{722DD4B9-DBE6-465E-AEB9-FD7FAEC58742}.Debug|iPhone.Build.0 = Debug|Any CPU
		{722DD4B9-DBE6-465E-AEB9-FD7FAEC58742}.Debug|iPhoneSimulator.ActiveCfg = Debug|Any CPU
		{722DD4B9-DBE6-465E-AEB9-FD7FAEC58742}.Debug|iPhoneSimulator.Build.0 = Debug|Any CPU
		{722DD4B9-DBE6-465E-AEB9-FD7FAEC58742}.Debug|x64.ActiveCfg = Debug|Any CPU
		{722DD4B9-DBE6-465E-AEB9-FD7FAEC58742}.Debug|x64.Build.0 = Debug|Any CPU
		{722DD4B9-DBE6-465E-AEB9-FD7FAEC58742}.Debug|x86.ActiveCfg = Debug|Any CPU
		{722DD4B9-DBE6-465E-AEB9-FD7FAEC58742}.Debug|x86.Build.0 = Debug|Any CPU
		{722DD4B9-DBE6-465E-AEB9-FD7FAEC58742}.Release|Any CPU.ActiveCfg = Release|Any CPU
		{722DD4B9-DBE6-465E-AEB9-FD7FAEC58742}.Release|Any CPU.Build.0 = Release|Any CPU
		{722DD4B9-DBE6-465E-AEB9-FD7FAEC58742}.Release|ARM.ActiveCfg = Release|Any CPU
		{722DD4B9-DBE6-465E-AEB9-FD7FAEC58742}.Release|ARM.Build.0 = Release|Any CPU
		{722DD4B9-DBE6-465E-AEB9-FD7FAEC58742}.Release|iPhone.ActiveCfg = Release|Any CPU
		{722DD4B9-DBE6-465E-AEB9-FD7FAEC58742}.Release|iPhone.Build.0 = Release|Any CPU
		{722DD4B9-DBE6-465E-AEB9-FD7FAEC58742}.Release|iPhoneSimulator.ActiveCfg = Release|Any CPU
		{722DD4B9-DBE6-465E-AEB9-FD7FAEC58742}.Release|iPhoneSimulator.Build.0 = Release|Any CPU
		{722DD4B9-DBE6-465E-AEB9-FD7FAEC58742}.Release|x64.ActiveCfg = Release|Any CPU
		{722DD4B9-DBE6-465E-AEB9-FD7FAEC58742}.Release|x64.Build.0 = Release|Any CPU
		{722DD4B9-DBE6-465E-AEB9-FD7FAEC58742}.Release|x86.ActiveCfg = Release|Any CPU
		{722DD4B9-DBE6-465E-AEB9-FD7FAEC58742}.Release|x86.Build.0 = Release|Any CPU
	EndGlobalSection
	GlobalSection(SolutionProperties) = preSolution
		HideSolutionNode = FALSE
	EndGlobalSection
	GlobalSection(ExtensibilityGlobals) = postSolution
		SolutionGuid = {6DB5EF1E-0369-4C97-A840-3F0B1C710E14}
	EndGlobalSection
EndGlobal
